
Microsoft Visual Studio Solution File, Format Version 12.00
# Visual Studio Version 16
VisualStudioVersion = 16.0.29613.14
MinimumVisualStudioVersion = 10.0.40219.1
Project("{9A19103F-16F7-4668-BE54-9A1E7A4F7556}") = "syncfusiondiagram", "syncfusiondiagram\syncfusiondiagram.csproj", "{B498FB6C-560B-4DC7-ABED-BAD6D0CA61D0}"
EndProject
Global
	GlobalSection(SolutionConfigurationPlatforms) = preSolution
		Debug|Any CPU = Debug|Any CPU
		Release|Any CPU = Release|Any CPU
	EndGlobalSection
	GlobalSection(ProjectConfigurationPlatforms) = postSolution
		{B498FB6C-560B-4DC7-ABED-BAD6D0CA61D0}.Debug|Any CPU.ActiveCfg = Debug|Any CPU
		{B498FB6C-560B-4DC7-ABED-BAD6D0CA61D0}.Debug|Any CPU.Build.0 = Debug|Any CPU
		{B498FB6C-560B-4DC7-ABED-BAD6D0CA61D0}.Release|Any CPU.ActiveCfg = Release|Any CPU
		{B498FB6C-560B-4DC7-ABED-BAD6D0CA61D0}.Release|Any CPU.Build.0 = Release|Any CPU
	EndGlobalSection
	GlobalSection(SolutionProperties) = preSolution
		HideSolutionNode = FALSE
	EndGlobalSection
	GlobalSection(ExtensibilityGlobals) = postSolution
		SolutionGuid = {35E7000A-94A9-4FA3-8C1D-E7394306C620}
	EndGlobalSection
EndGlobal
